lockfileVersion: '9.0'

settings:
  autoInstallPeers: true
  excludeLinksFromLockfile: false

importers:

  .:
    dependencies:
      '@sentry/node':
        specifier: ^10.32.1
        version: 10.32.1
      chalk:
        specifier: ^4.1.2
        version: 4.1.2
    devDependencies:
      '@types/node':
        specifier: ^22.10.1
        version: 22.18.13
      ts-node:
        specifier: ^10.9.2
        version: 10.9.2(@types/node@22.18.13)(typescript@5.9.3)
      typescript:
        specifier: ^5.9.3
        version: 5.9.3

packages:

  '@apm-js-collab/code-transformer@0.8.2':
    resolution: {integrity: sha512-YRjJjNq5KFSjDUoqu5pFUWrrsvGOxl6c3bu+uMFc9HNNptZ2rNU/TI2nLw4jnhQNtka972Ee2m3uqbvDQtPeCA==}

  '@apm-js-collab/tracing-hooks@0.3.1':
    resolution: {integrity: sha512-Vu1CbmPURlN5fTboVuKMoJjbO5qcq9fA5YXpskx3dXe/zTBvjODFoerw+69rVBlRLrJpwPqSDqEuJDEKIrTldw==}

  '@cspotcode/source-map-support@0.8.1':
    resolution: {integrity: sha512-IchNf6dN4tHoMFIn/7OE8LWZ19Y6q/67Bmf6vnGREv8RSbBVb9LPJxEcnwrcwX6ixSvaiGoomAUvu4YSxXrVgw==}
    engines: {node: '>=12'}

  '@jridgewell/resolve-uri@3.1.2':
    resolution: {integrity: sha512-bRISgCIjP20/tbWSPWMEi54QVPRZExkuD9lJL+UIxUKtwVJA8wW1Trb1jMs1RFXo1CBTNZ/5hpC9QvmKWdopKw==}
    engines: {node: '>=6.0.0'}

  '@jridgewell/sourcemap-codec@1.5.5':
    resolution: {integrity: sha512-cYQ9310grqxueWbl+WuIUIaiUaDcj7WOq5fVhEljNVgRfOUhY9fy2zTvfoqWsnebh8Sl70VScFbICvJnLKB0Og==}

  '@jridgewell/trace-mapping@0.3.9':
    resolution: {integrity: sha512-3Belt6tdc8bPgAtbcmdtNJlirVoTmEb5e2gC94PnkwEW9jI6CAHUeoG85tjWP5WquqfavoMtMwiG4P926ZKKuQ==}

  '@opentelemetry/api-logs@0.208.0':
    resolution: {integrity: sha512-CjruKY9V6NMssL/T1kAFgzosF1v9o6oeN+aX5JB/C/xPNtmgIJqcXHG7fA82Ou1zCpWGl4lROQUKwUNE1pMCyg==}
    engines: {node: '>=8.0.0'}

  '@opentelemetry/api@1.9.0':
    resolution: {integrity: sha512-3giAOQvZiH5F9bMlMiv8+GSPMeqg0dbaeo58/0SlA9sxSqZhnUtxzX9/2FzyhS9sWQf5S0GJE0AKBrFqjpeYcg==}
    engines: {node: '>=8.0.0'}

  '@opentelemetry/context-async-hooks@2.2.0':
    resolution: {integrity: sha512-qRkLWiUEZNAmYapZ7KGS5C4OmBLcP/H2foXeOEaowYCR0wi89fHejrfYfbuLVCMLp/dWZXKvQusdbUEZjERfwQ==}
    engines: {node: ^18.19.0 || >=20.6.0}
    peerDependencies:
      '@opentelemetry/api': '>=1.0.0 <1.10.0'

  '@opentelemetry/core@2.2.0':
    resolution: {integrity: sha512-FuabnnUm8LflnieVxs6eP7Z383hgQU4W1e3KJS6aOG3RxWxcHyBxH8fDMHNgu/gFx/M2jvTOW/4/PHhLz6bjWw==}
    engines: {node: ^18.19.0 || >=20.6.0}
    peerDependencies:
      '@opentelemetry/api': '>=1.0.0 <1.10.0'

  '@opentelemetry/instrumentation-amqplib@0.55.0':
    resolution: {integrity: sha512-5ULoU8p+tWcQw5PDYZn8rySptGSLZHNX/7srqo2TioPnAAcvTy6sQFQXsNPrAnyRRtYGMetXVyZUy5OaX1+IfA==}
    engines: {node: ^18.19.0 || >=20.6.0}
    peerDependencies:
      '@opentelemetry/api': ^1.3.0

  '@opentelemetry/instrumentation-connect@0.52.0':
    resolution: {integrity: sha512-GXPxfNB5szMbV3I9b7kNWSmQBoBzw7MT0ui6iU/p+NIzVx3a06Ri2cdQO7tG9EKb4aKSLmfX9Cw5cKxXqX6Ohg==}
    engines: {node: ^18.19.0 || >=20.6.0}
    peerDependencies:
      '@opentelemetry/api': ^1.3.0

  '@opentelemetry/instrumentation-dataloader@0.26.0':
    resolution: {integrity: sha512-P2BgnFfTOarZ5OKPmYfbXfDFjQ4P9WkQ1Jji7yH5/WwB6Wm/knynAoA1rxbjWcDlYupFkyT0M1j6XLzDzy0aCA==}
    engines: {node: ^18.19.0 || >=20.6.0}
    peerDependencies:
      '@opentelemetry/api': ^1.3.0

  '@opentelemetry/instrumentation-express@0.57.0':
    resolution: {integrity: sha512-HAdx/o58+8tSR5iW+ru4PHnEejyKrAy9fYFhlEI81o10nYxrGahnMAHWiSjhDC7UQSY3I4gjcPgSKQz4rm/asg==}
    engines: {node: ^18.19.0 || >=20.6.0}
    peerDependencies:
      '@opentelemetry/api': ^1.3.0

  '@opentelemetry/instrumentation-fs@0.28.0':
    resolution: {integrity: sha512-FFvg8fq53RRXVBRHZViP+EMxMR03tqzEGpuq55lHNbVPyFklSVfQBN50syPhK5UYYwaStx0eyCtHtbRreusc5g==}
    engines: {node: ^18.19.0 || >=20.6.0}
    peerDependencies:
      '@opentelemetry/api': ^1.3.0

  '@opentelemetry/instrumentation-generic-pool@0.52.0':
    resolution: {integrity: sha512-ISkNcv5CM2IwvsMVL31Tl61/p2Zm2I2NAsYq5SSBgOsOndT0TjnptjufYVScCnD5ZLD1tpl4T3GEYULLYOdIdQ==}
    engines: {node: ^18.19.0 || >=20.6.0}
    peerDependencies:
      '@opentelemetry/api': ^1.3.0

  '@opentelemetry/instrumentation-graphql@0.56.0':
    resolution: {integrity: sha512-IPvNk8AFoVzTAM0Z399t34VDmGDgwT6rIqCUug8P9oAGerl2/PEIYMPOl/rerPGu+q8gSWdmbFSjgg7PDVRd3Q==}
    engines: {node: ^18.19.0 || >=20.6.0}
    peerDependencies:
      '@opentelemetry/api': ^1.3.0

  '@opentelemetry/instrumentation-hapi@0.55.0':
    resolution: {integrity: sha512-prqAkRf9e4eEpy4G3UcR32prKE8NLNlA90TdEU1UsghOTg0jUvs40Jz8LQWFEs5NbLbXHYGzB4CYVkCI8eWEVQ==}
    engines: {node: ^18.19.0 || >=20.6.0}
    peerDependencies:
      '@opentelemetry/api': ^1.3.0

  '@opentelemetry/instrumentation-http@0.208.0':
    resolution: {integrity: sha512-rhmK46DRWEbQQB77RxmVXGyjs6783crXCnFjYQj+4tDH/Kpv9Rbg3h2kaNyp5Vz2emF1f9HOQQvZoHzwMWOFZQ==}
    engines: {node: ^18.19.0 || >=20.6.0}
    peerDependencies:
      '@opentelemetry/api': ^1.3.0

  '@opentelemetry/instrumentation-ioredis@0.56.0':
    resolution: {integrity: sha512-XSWeqsd3rKSsT3WBz/JKJDcZD4QYElZEa0xVdX8f9dh4h4QgXhKRLorVsVkK3uXFbC2sZKAS2Ds+YolGwD83Dg==}
    engines: {node: ^18.19.0 || >=20.6.0}
    peerDependencies:
      '@opentelemetry/api': ^1.3.0

  '@opentelemetry/instrumentation-kafkajs@0.18.0':
    resolution: {integrity: sha512-KCL/1HnZN5zkUMgPyOxfGjLjbXjpd4odDToy+7c+UsthIzVLFf99LnfIBE8YSSrYE4+uS7OwJMhvhg3tWjqMBg==}
    engines: {node: ^18.19.0 || >=20.6.0}
    peerDependencies:
      '@opentelemetry/api': ^1.3.0

  '@opentelemetry/instrumentation-knex@0.53.0':
    resolution: {integrity: sha512-xngn5cH2mVXFmiT1XfQ1aHqq1m4xb5wvU6j9lSgLlihJ1bXzsO543cpDwjrZm2nMrlpddBf55w8+bfS4qDh60g==}
    engines: {node: ^18.19.0 || >=20.6.0}
    peerDependencies:
      '@opentelemetry/api': ^1.3.0

  '@opentelemetry/instrumentation-koa@0.57.0':
    resolution: {integrity: sha512-3JS8PU/D5E3q295mwloU2v7c7/m+DyCqdu62BIzWt+3u9utjxC9QS7v6WmUNuoDN3RM+Q+D1Gpj13ERo+m7CGg==}
    engines: {node: ^18.19.0 || >=20.6.0}
    peerDependencies:
      '@opentelemetry/api': ^1.9.0

  '@opentelemetry/instrumentation-lru-memoizer@0.53.0':
    resolution: {integrity: sha512-LDwWz5cPkWWr0HBIuZUjslyvijljTwmwiItpMTHujaULZCxcYE9eU44Qf/pbVC8TulT0IhZi+RoGvHKXvNhysw==}
    engines: {node: ^18.19.0 || >=20.6.0}
    peerDependencies:
      '@opentelemetry/api': ^1.3.0

  '@opentelemetry/instrumentation-mongodb@0.61.0':
    resolution: {integrity: sha512-OV3i2DSoY5M/pmLk+68xr5RvkHU8DRB3DKMzYJdwDdcxeLs62tLbkmRyqJZsYf3Ht7j11rq35pHOWLuLzXL7pQ==}
    engines: {node: ^18.19.0 || >=20.6.0}
    peerDependencies:
      '@opentelemetry/api': ^1.3.0

  '@opentelemetry/instrumentation-mongoose@0.55.0':
    resolution: {integrity: sha512-5afj0HfF6aM6Nlqgu6/PPHFk8QBfIe3+zF9FGpX76jWPS0/dujoEYn82/XcLSaW5LPUDW8sni+YeK0vTBNri+w==}
    engines: {node: ^18.19.0 || >=20.6.0}
    peerDependencies:
      '@opentelemetry/api': ^1.3.0

  '@opentelemetry/instrumentation-mysql2@0.55.0':
    resolution: {integrity: sha512-0cs8whQG55aIi20gnK8B7cco6OK6N+enNhW0p5284MvqJ5EPi+I1YlWsWXgzv/V2HFirEejkvKiI4Iw21OqDWg==}
    engines: {node: ^18.19.0 || >=20.6.0}
    peerDependencies:
      '@opentelemetry/api': ^1.3.0

  '@opentelemetry/instrumentation-mysql@0.54.0':
    resolution: {integrity: sha512-bqC1YhnwAeWmRzy1/Xf9cDqxNG2d/JDkaxnqF5N6iJKN1eVWI+vg7NfDkf52/Nggp3tl1jcC++ptC61BD6738A==}
    engines: {node: ^18.19.0 || >=20.6.0}
    peerDependencies:
      '@opentelemetry/api': ^1.3.0

  '@opentelemetry/instrumentation-pg@0.61.0':
    resolution: {integrity: sha512-UeV7KeTnRSM7ECHa3YscoklhUtTQPs6V6qYpG283AB7xpnPGCUCUfECFT9jFg6/iZOQTt3FHkB1wGTJCNZEvPw==}
    engines: {node: ^18.19.0 || >=20.6.0}
    peerDependencies:
      '@opentelemetry/api': ^1.3.0

  '@opentelemetry/instrumentation-redis@0.57.0':
    resolution: {integrity: sha512-bCxTHQFXzrU3eU1LZnOZQ3s5LURxQPDlU3/upBzlWY77qOI1GZuGofazj3jtzjctMJeBEJhNwIFEgRPBX1kp/Q==}
    engines: {node: ^18.19.0 || >=20.6.0}
    peerDependencies:
      '@opentelemetry/api': ^1.3.0

  '@opentelemetry/instrumentation-tedious@0.27.0':
    resolution: {integrity: sha512-jRtyUJNZppPBjPae4ZjIQ2eqJbcRaRfJkr0lQLHFmOU/no5A6e9s1OHLd5XZyZoBJ/ymngZitanyRRA5cniseA==}
    engines: {node: ^18.19.0 || >=20.6.0}
    peerDependencies:
      '@opentelemetry/api': ^1.3.0

  '@opentelemetry/instrumentation-undici@0.19.0':
    resolution: {integrity: sha512-Pst/RhR61A2OoZQZkn6OLpdVpXp6qn3Y92wXa6umfJe9rV640r4bc6SWvw4pPN6DiQqPu2c8gnSSZPDtC6JlpQ==}
    engines: {node: ^18.19.0 || >=20.6.0}
    peerDependencies:
      '@opentelemetry/api': ^1.7.0

  '@opentelemetry/instrumentation@0.208.0':
    resolution: {integrity: sha512-Eju0L4qWcQS+oXxi6pgh7zvE2byogAkcsVv0OjHF/97iOz1N/aKE6etSGowYkie+YA1uo6DNwdSxaaNnLvcRlA==}
    engines: {node: ^18.19.0 || >=20.6.0}
    peerDependencies:
      '@opentelemetry/api': ^1.3.0

  '@opentelemetry/redis-common@0.38.2':
    resolution: {integrity: sha512-1BCcU93iwSRZvDAgwUxC/DV4T/406SkMfxGqu5ojc3AvNI+I9GhV7v0J1HljsczuuhcnFLYqD5VmwVXfCGHzxA==}
    engines: {node: ^18.19.0 || >=20.6.0}

  '@opentelemetry/resources@2.2.0':
    resolution: {integrity: sha512-1pNQf/JazQTMA0BiO5NINUzH0cbLbbl7mntLa4aJNmCCXSj0q03T5ZXXL0zw4G55TjdL9Tz32cznGClf+8zr5A==}
    engines: {node: ^18.19.0 || >=20.6.0}
    peerDependencies:
      '@opentelemetry/api': '>=1.3.0 <1.10.0'

  '@opentelemetry/sdk-trace-base@2.2.0':
    resolution: {integrity: sha512-xWQgL0Bmctsalg6PaXExmzdedSp3gyKV8mQBwK/j9VGdCDu2fmXIb2gAehBKbkXCpJ4HPkgv3QfoJWRT4dHWbw==}
    engines: {node: ^18.19.0 || >=20.6.0}
    peerDependencies:
      '@opentelemetry/api': '>=1.3.0 <1.10.0'

  '@opentelemetry/semantic-conventions@1.37.0':
    resolution: {integrity: sha512-JD6DerIKdJGmRp4jQyX5FlrQjA4tjOw1cvfsPAZXfOOEErMUHjPcPSICS+6WnM0nB0efSFARh0KAZss+bvExOA==}
    engines: {node: '>=14'}

  '@opentelemetry/sql-common@0.41.2':
    resolution: {integrity: sha512-4mhWm3Z8z+i508zQJ7r6Xi7y4mmoJpdvH0fZPFRkWrdp5fq7hhZ2HhYokEOLkfqSMgPR4Z9EyB3DBkbKGOqZiQ==}
    engines: {node: ^18.19.0 || >=20.6.0}
    peerDependencies:
      '@opentelemetry/api': ^1.1.0

  '@prisma/instrumentation@6.19.0':
    resolution: {integrity: sha512-QcuYy25pkXM8BJ37wVFBO7Zh34nyRV1GOb2n3lPkkbRYfl4hWl3PTcImP41P0KrzVXfa/45p6eVCos27x3exIg==}
    peerDependencies:
      '@opentelemetry/api': ^1.8

  '@sentry/core@10.32.1':
    resolution: {integrity: sha512-PH2ldpSJlhqsMj2vCTyU0BI2Fx1oIDhm7Izo5xFALvjVCS0gmlqHt1udu6YlKn8BtpGH6bGzssvv5APrk+OdPQ==}
    engines: {node: '>=18'}

  '@sentry/node-core@10.32.1':
    resolution: {integrity: sha512-w56rxdBanBKc832zuwnE+zNzUQ19fPxfHEtOhK8JGPu3aSwQYcIxwz9z52lOx3HN7k/8Fj5694qlT3x/PokhRw==}
    engines: {node: '>=18'}
    peerDependencies:
      '@opentelemetry/api': ^1.9.0
      '@opentelemetry/context-async-hooks': ^1.30.1 || ^2.1.0 || ^2.2.0
      '@opentelemetry/core': ^1.30.1 || ^2.1.0 || ^2.2.0
      '@opentelemetry/instrumentation': '>=0.57.1 <1'
      '@opentelemetry/resources': ^1.30.1 || ^2.1.0 || ^2.2.0
      '@opentelemetry/sdk-trace-base': ^1.30.1 || ^2.1.0 || ^2.2.0
      '@opentelemetry/semantic-conventions': ^1.37.0

  '@sentry/node@10.32.1':
    resolution: {integrity: sha512-oxlybzt8QW0lx/QaEj1DcvZDRXkgouewFelu/10dyUwv5So3YvipfvWInda+yMLmn25OggbloDQ0gyScA2jU3g==}
    engines: {node: '>=18'}

  '@sentry/opentelemetry@10.32.1':
    resolution: {integrity: sha512-YLssSz5Y+qPvufrh2cDaTXDoXU8aceOhB+YTjT8/DLF6SOj7Tzen52aAcjNaifawaxEsLCC8O+B+A2iA+BllvA==}
    engines: {node: '>=18'}
    peerDependencies:
      '@opentelemetry/api': ^1.9.0
      '@opentelemetry/context-async-hooks': ^1.30.1 || ^2.1.0 || ^2.2.0
      '@opentelemetry/core': ^1.30.1 || ^2.1.0 || ^2.2.0
      '@opentelemetry/sdk-trace-base': ^1.30.1 || ^2.1.0 || ^2.2.0
      '@opentelemetry/semantic-conventions': ^1.37.0

  '@tsconfig/node10@1.0.12':
    resolution: {integrity: sha512-UCYBaeFvM11aU2y3YPZ//O5Rhj+xKyzy7mvcIoAjASbigy8mHMryP5cK7dgjlz2hWxh1g5pLw084E0a/wlUSFQ==}

  '@tsconfig/node12@1.0.11':
    resolution: {integrity: sha512-cqefuRsh12pWyGsIoBKJA9luFu3mRxCA+ORZvA4ktLSzIuCUtWVxGIuXigEwO5/ywWFMZ2QEGKWvkZG1zDMTag==}

  '@tsconfig/node14@1.0.3':
    resolution: {integrity: sha512-ysT8mhdixWK6Hw3i1V2AeRqZ5WfXg1G43mqoYlM2nc6388Fq5jcXyr5mRsqViLx/GJYdoL0bfXD8nmF+Zn/Iow==}

  '@tsconfig/node16@1.0.4':
    resolution: {integrity: sha512-vxhUy4J8lyeyinH7Azl1pdd43GJhZH/tP2weN8TntQblOY+A0XbT8DJk1/oCPuOOyg/Ja757rG0CgHcWC8OfMA==}

  '@types/connect@3.4.38':
    resolution: {integrity: sha512-K6uROf1LD88uDQqJCktA4yzL1YYAK6NgfsI0v/mTgyPKWsX1CnJ0XPSDhViejru1GcRkLWb8RlzFYJRqGUbaug==}

  '@types/mysql@2.15.27':
    resolution: {integrity: sha512-YfWiV16IY0OeBfBCk8+hXKmdTKrKlwKN1MNKAPBu5JYxLwBEZl7QzeEpGnlZb3VMGJrrGmB84gXiH+ofs/TezA==}

  '@types/node@22.18.13':
    resolution: {integrity: sha512-Bo45YKIjnmFtv6I1TuC8AaHBbqXtIo+Om5fE4QiU1Tj8QR/qt+8O3BAtOimG5IFmwaWiPmB3Mv3jtYzBA4Us2A==}

  '@types/pg-pool@2.0.6':
    resolution: {integrity: sha512-TaAUE5rq2VQYxab5Ts7WZhKNmuN78Q6PiFonTDdpbx8a1H0M1vhy3rhiMjl+e2iHmogyMw7jZF4FrE6eJUy5HQ==}

  '@types/pg@8.15.6':
    resolution: {integrity: sha512-NoaMtzhxOrubeL/7UZuNTrejB4MPAJ0RpxZqXQf2qXuVlTPuG6Y8p4u9dKRaue4yjmC7ZhzVO2/Yyyn25znrPQ==}

  '@types/tedious@4.0.14':
    resolution: {integrity: sha512-KHPsfX/FoVbUGbyYvk1q9MMQHLPeRZhRJZdO45Q4YjvFkv4hMNghCWTvy7rdKessBsmtz4euWCWAB6/tVpI1Iw==}

  acorn-import-attributes@1.9.5:
    resolution: {integrity: sha512-n02Vykv5uA3eHGM/Z2dQrcD56kL8TyDb2p1+0P83PClMnC/nc+anbQRhIOWnSq4Ke/KvDPrY3C9hDtC/A3eHnQ==}
    peerDependencies:
      acorn: ^8

  acorn-walk@8.3.4:
    resolution: {integrity: sha512-ueEepnujpqee2o5aIYnvHU6C0A42MNdsIDeqy5BydrkuC5R1ZuUFnm27EeFJGoEHJQgn3uleRvmTXaJgfXbt4g==}
    engines: {node: '>=0.4.0'}

  acorn@8.15.0:
    resolution: {integrity: sha512-NZyJarBfL7nWwIq+FDL6Zp/yHEhePMNnnJ0y3qfieCrmNvYct8uvtiV41UvlSe6apAfk0fY1FbWx+NwfmpvtTg==}
    engines: {node: '>=0.4.0'}
    hasBin: true

  ansi-styles@4.3.0:
    resolution: {integrity: sha512-zbB9rCJAT1rbjiVDb2hqKFHNYLxgtk8NURxZ3IZwD3F6NtxbXZQCnnSi1Lkx+IDohdPlFp222wVALIheZJQSEg==}
    engines: {node: '>=8'}

  arg@4.1.3:
    resolution: {integrity: sha512-58S9QDqG0Xx27YwPSt9fJxivjYl432YCwfDMfZ+71RAqUrZef7LrKQZ3LHLOwCS4FLNBplP533Zx895SeOCHvA==}

  balanced-match@1.0.2:
    resolution: {integrity: sha512-3oSeUO0TMV67hN1AmbXsK4yaqU7tjiHlbxRDZOpH0KW9+CeX4bRAaX0Anxt0tx2MrpRpWwQaPwIlISEJhYU5Pw==}

  brace-expansion@2.0.2:
    resolution: {integrity: sha512-Jt0vHyM+jmUBqojB7E1NIYadt0vI0Qxjxd2TErW94wDz+E2LAm5vKMXXwg6ZZBTHPuUlDgQHKXvjGBdfcF1ZDQ==}

  chalk@4.1.2:
    resolution: {integrity: sha512-oKnbhFyRIXpUuez8iBMmyEa4nbj4IOQyuhc/wy9kY7/WVPcwIO9VA668Pu8RkO7+0G76SLROeyw9CpQ061i4mA==}
    engines: {node: '>=10'}

  cjs-module-lexer@1.4.3:
    resolution: {integrity: sha512-9z8TZaGM1pfswYeXrUpzPrkx8UnWYdhJclsiYMm6x/w5+nN+8Tf/LnAgfLGQCm59qAOxU8WwHEq2vNwF6i4j+Q==}

  color-convert@2.0.1:
    resolution: {integrity: sha512-RRECPsj7iu/xb5oKYcsFHSppFNnsj/52OVTRKb4zP5onXwVF3zVmmToNcOfGC+CRDpfK/U584fMg38ZHCaElKQ==}
    engines: {node: '>=7.0.0'}

  color-name@1.1.4:
    resolution: {integrity: sha512-dOy+3AuW3a2wNbZHIuMZpTcgjGuLU/uBL/ubcZF9OXbDo8ff4O8yVp5Bf0efS8uEoYo5q4Fx7dY9OgQGXgAsQA==}

  create-require@1.1.1:
    resolution: {integrity: sha512-dcKFX3jn0MpIaXjisoRvexIJVEKzaq7z2rZKxf+MSr9TkdmHmsU4m2lcLojrj/FHl8mk5VxMmYA+ftRkP/3oKQ==}

  debug@4.4.3:
    resolution: {integrity: sha512-RGwwWnwQvkVfavKVt22FGLw+xYSdzARwm0ru6DhTVA3umU5hZc28V3kO4stgYryrTlLpuvgI9GiijltAjNbcqA==}
    engines: {node: '>=6.0'}
    peerDependencies:
      supports-color: '*'
    peerDependenciesMeta:
      supports-color:
        optional: true

  diff@4.0.2:
    resolution: {integrity: sha512-58lmxKSA4BNyLz+HHMUzlOEpg09FV+ev6ZMe3vJihgdxzgcwZ8VoEEPmALCZG9LmqfVoNMMKpttIYTVG6uDY7A==}
    engines: {node: '>=0.3.1'}

  forwarded-parse@2.1.2:
    resolution: {integrity: sha512-alTFZZQDKMporBH77856pXgzhEzaUVmLCDk+egLgIgHst3Tpndzz8MnKe+GzRJRfvVdn69HhpW7cmXzvtLvJAw==}

  has-flag@4.0.0:
    resolution: {integrity: sha512-EykJT/Q1KjTWctppgIAgfSO0tKVuZUjhgMr17kqTumMl6Afv3EISleU7qZUzoXDFTAHTDC4NOoG/ZxU3EvlMPQ==}
    engines: {node: '>=8'}

  import-in-the-middle@2.0.1:
    resolution: {integrity: sha512-bruMpJ7xz+9jwGzrwEhWgvRrlKRYCRDBrfU+ur3FcasYXLJDxTruJ//8g2Noj+QFyRBeqbpj8Bhn4Fbw6HjvhA==}

  make-error@1.3.6:
    resolution: {integrity: sha512-s8UhlNe7vPKomQhC1qFelMokr/Sc3AgNbso3n74mVPA5LTZwkB9NlXf4XPamLxJE8h0gh73rM94xvwRT2CVInw==}

  minimatch@9.0.5:
    resolution: {integrity: sha512-G6T0ZX48xgozx7587koeX9Ys2NYy6Gmv//P89sEte9V9whIapMNF4idKxnW2QtCcLiTWlb/wfCabAtAFWhhBow==}
    engines: {node: '>=16 || 14 >=14.17'}

  module-details-from-path@1.0.4:
    resolution: {integrity: sha512-EGWKgxALGMgzvxYF1UyGTy0HXX/2vHLkw6+NvDKW2jypWbHpjQuj4UMcqQWXHERJhVGKikolT06G3bcKe4fi7w==}

  ms@2.1.3:
    resolution: {integrity: sha512-6FlzubTLZG3J2a/NVCAleEhjzq5oxgHyaCU9yYXvcLsvoVaHJq/s5xXI6/XXP6tz7R9xAOtHnSO/tXtF3WRTlA==}

  pg-int8@1.0.1:
    resolution: {integrity: sha512-WCtabS6t3c8SkpDBUlb1kjOs7l66xsGdKpIPZsg4wR+B3+u9UAum2odSsF9tnvxg80h4ZxLWMy4pRjOsFIqQpw==}
    engines: {node: '>=4.0.0'}

  pg-protocol@1.10.3:
    resolution: {integrity: sha512-6DIBgBQaTKDJyxnXaLiLR8wBpQQcGWuAESkRBX/t6OwA8YsqP+iVSiond2EDy6Y/dsGk8rh/jtax3js5NeV7JQ==}

  pg-types@2.2.0:
    resolution: {integrity: sha512-qTAAlrEsl8s4OiEQY69wDvcMIdQN6wdz5ojQiOy6YRMuynxenON0O5oCpJI6lshc6scgAY8qvJ2On/p+CXY0GA==}
    engines: {node: '>=4'}

  postgres-array@2.0.0:
    resolution: {integrity: sha512-VpZrUqU5A69eQyW2c5CA1jtLecCsN2U/bD6VilrFDWq5+5UIEVO7nazS3TEcHf1zuPYO/sqGvUvW62g86RXZuA==}
    engines: {node: '>=4'}

  postgres-bytea@1.0.0:
    resolution: {integrity: sha512-xy3pmLuQqRBZBXDULy7KbaitYqLcmxigw14Q5sj8QBVLqEwXfeybIKVWiqAXTlcvdvb0+xkOtDbfQMOf4lST1w==}
    engines: {node: '>=0.10.0'}

  postgres-date@1.0.7:
    resolution: {integrity: sha512-suDmjLVQg78nMK2UZ454hAG+OAW+HQPZ6n++TNDUX+L0+uUlLywnoxJKDou51Zm+zTCjrCl0Nq6J9C5hP9vK/Q==}
    engines: {node: '>=0.10.0'}

  postgres-interval@1.2.0:
    resolution: {integrity: sha512-9ZhXKM/rw350N1ovuWHbGxnGh/SNJ4cnxHiM0rxE4VN41wsg8P8zWn9hv/buK00RP4WvlOyr/RBDiptyxVbkZQ==}
    engines: {node: '>=0.10.0'}

  require-in-the-middle@8.0.1:
    resolution: {integrity: sha512-QT7FVMXfWOYFbeRBF6nu+I6tr2Tf3u0q8RIEjNob/heKY/nh7drD/k7eeMFmSQgnTtCzLDcCu/XEnpW2wk4xCQ==}
    engines: {node: '>=9.3.0 || >=8.10.0 <9.0.0'}

  supports-color@7.2.0:
    resolution: {integrity: sha512-qpCAvRl9stuOHveKsn7HncJRvv501qIacKzQlO/+Lwxc9+0q2wLyv4Dfvt80/DPn2pqOBsJdDiogXGR9+OvwRw==}
    engines: {node: '>=8'}

  ts-node@10.9.2:
    resolution: {integrity: sha512-f0FFpIdcHgn8zcPSbf1dRevwt047YMnaiJM3u2w2RewrB+fob/zePZcrOyQoLMMO7aBIddLcQIEK5dYjkLnGrQ==}
    hasBin: true
    peerDependencies:
      '@swc/core': '>=1.2.50'
      '@swc/wasm': '>=1.2.50'
      '@types/node': '*'
      typescript: '>=2.7'
    peerDependenciesMeta:
      '@swc/core':
        optional: true
      '@swc/wasm':
        optional: true

  typescript@5.9.3:
    resolution: {integrity: sha512-jl1vZzPDinLr9eUt3J/t7V6FgNEw9QjvBPdysz9KfQDD41fQrC2Y4vKQdiaUpFT4bXlb1RHhLpp8wtm6M5TgSw==}
    engines: {node: '>=14.17'}
    hasBin: true

  undici-types@6.21.0:
    resolution: {integrity: sha512-iwDZqg0QAGrg9Rav5H4n0M64c3mkR59cJ6wQp+7C4nI0gsmExaedaYLNO44eT4AtBBwjbTiGPMlt2Md0T9H9JQ==}

  v8-compile-cache-lib@3.0.1:
    resolution: {integrity: sha512-wa7YjyUGfNZngI/vtK0UHAN+lgDCxBPCylVXGp0zu59Fz5aiGtNXaq3DhIov063MorB+VfufLh3JlF2KdTK3xg==}

  xtend@4.0.2:
    resolution: {integrity: sha512-LKYU1iAXJXUgAXn9URjiu+MWhyUXHsvfp7mcuYm9dSUKK0/CjtrUwFAxD82/mCWbtLsGjFIad0wIsod4zrTAEQ==}
    engines: {node: '>=0.4'}

  yn@3.1.1:
    resolution: {integrity: sha512-Ux4ygGWsu2c7isFWe8Yu1YluJmqVhxqK2cLXNQA5AcC3QfbGNpM7fu0Y8b/z16pXLnFxZYvWhd3fhBY9DLmC6Q==}
    engines: {node: '>=6'}

snapshots:

  '@apm-js-collab/code-transformer@0.8.2': {}

  '@apm-js-collab/tracing-hooks@0.3.1':
    dependencies:
      '@apm-js-collab/code-transformer': 0.8.2
      debug: 4.4.3
      module-details-from-path: 1.0.4
    transitivePeerDependencies:
      - supports-color

  '@cspotcode/source-map-support@0.8.1':
    dependencies:
      '@jridgewell/trace-mapping': 0.3.9

  '@jridgewell/resolve-uri@3.1.2': {}

  '@jridgewell/sourcemap-codec@1.5.5': {}

  '@jridgewell/trace-mapping@0.3.9':
    dependencies:
      '@jridgewell/resolve-uri': 3.1.2
      '@jridgewell/sourcemap-codec': 1.5.5

  '@opentelemetry/api-logs@0.208.0':
    dependencies:
      '@opentelemetry/api': 1.9.0

  '@opentelemetry/api@1.9.0': {}

  '@opentelemetry/context-async-hooks@2.2.0(@opentelemetry/api@1.9.0)':
    dependencies:
      '@opentelemetry/api': 1.9.0

  '@opentelemetry/core@2.2.0(@opentelemetry/api@1.9.0)':
    dependencies:
      '@opentelemetry/api': 1.9.0
      '@opentelemetry/semantic-conventions': 1.37.0

  '@opentelemetry/instrumentation-amqplib@0.55.0(@opentelemetry/api@1.9.0)':
    dependencies:
      '@opentelemetry/api': 1.9.0
      '@opentelemetry/core': 2.2.0(@opentelemetry/api@1.9.0)
      '@opentelemetry/instrumentation': 0.208.0(@opentelemetry/api@1.9.0)
    transitivePeerDependencies:
      - supports-color

  '@opentelemetry/instrumentation-connect@0.52.0(@opentelemetry/api@1.9.0)':
    dependencies:
      '@opentelemetry/api': 1.9.0
      '@opentelemetry/core': 2.2.0(@opentelemetry/api@1.9.0)
      '@opentelemetry/instrumentation': 0.208.0(@opentelemetry/api@1.9.0)
      '@opentelemetry/semantic-conventions': 1.37.0
      '@types/connect': 3.4.38
    transitivePeerDependencies:
      - supports-color

  '@opentelemetry/instrumentation-dataloader@0.26.0(@opentelemetry/api@1.9.0)':
    dependencies:
      '@opentelemetry/api': 1.9.0
      '@opentelemetry/instrumentation': 0.208.0(@opentelemetry/api@1.9.0)
    transitivePeerDependencies:
      - supports-color

  '@opentelemetry/instrumentation-express@0.57.0(@opentelemetry/api@1.9.0)':
    dependencies:
      '@opentelemetry/api': 1.9.0
      '@opentelemetry/core': 2.2.0(@opentelemetry/api@1.9.0)
      '@opentelemetry/instrumentation': 0.208.0(@opentelemetry/api@1.9.0)
      '@opentelemetry/semantic-conventions': 1.37.0
    transitivePeerDependencies:
      - supports-color

  '@opentelemetry/instrumentation-fs@0.28.0(@opentelemetry/api@1.9.0)':
    dependencies:
      '@opentelemetry/api': 1.9.0
      '@opentelemetry/core': 2.2.0(@opentelemetry/api@1.9.0)
      '@opentelemetry/instrumentation': 0.208.0(@opentelemetry/api@1.9.0)
    transitivePeerDependencies:
      - supports-color

  '@opentelemetry/instrumentation-generic-pool@0.52.0(@opentelemetry/api@1.9.0)':
    dependencies:
      '@opentelemetry/api': 1.9.0
      '@opentelemetry/instrumentation': 0.208.0(@opentelemetry/api@1.9.0)
    transitivePeerDependencies:
      - supports-color

  '@opentelemetry/instrumentation-graphql@0.56.0(@opentelemetry/api@1.9.0)':
    dependencies:
      '@opentelemetry/api': 1.9.0
      '@opentelemetry/instrumentation': 0.208.0(@opentelemetry/api@1.9.0)
    transitivePeerDependencies:
      - supports-color

  '@opentelemetry/instrumentation-hapi@0.55.0(@opentelemetry/api@1.9.0)':
    dependencies:
      '@opentelemetry/api': 1.9.0
      '@opentelemetry/core': 2.2.0(@opentelemetry/api@1.9.0)
      '@opentelemetry/instrumentation': 0.208.0(@opentelemetry/api@1.9.0)
      '@opentelemetry/semantic-conventions': 1.37.0
    transitivePeerDependencies:
      - supports-color

  '@opentelemetry/instrumentation-http@0.208.0(@opentelemetry/api@1.9.0)':
    dependencies:
      '@opentelemetry/api': 1.9.0
      '@opentelemetry/core': 2.2.0(@opentelemetry/api@1.9.0)
      '@opentelemetry/instrumentation': 0.208.0(@opentelemetry/api@1.9.0)
      '@opentelemetry/semantic-conventions': 1.37.0
      forwarded-parse: 2.1.2
    transitivePeerDependencies:
      - supports-color

  '@opentelemetry/instrumentation-ioredis@0.56.0(@opentelemetry/api@1.9.0)':
    dependencies:
      '@opentelemetry/api': 1.9.0
      '@opentelemetry/instrumentation': 0.208.0(@opentelemetry/api@1.9.0)
      '@opentelemetry/redis-common': 0.38.2
    transitivePeerDependencies:
      - supports-color

  '@opentelemetry/instrumentation-kafkajs@0.18.0(@opentelemetry/api@1.9.0)':
    dependencies:
      '@opentelemetry/api': 1.9.0
      '@opentelemetry/instrumentation': 0.208.0(@opentelemetry/api@1.9.0)
      '@opentelemetry/semantic-conventions': 1.37.0
    transitivePeerDependencies:
      - supports-color

  '@opentelemetry/instrumentation-knex@0.53.0(@opentelemetry/api@1.9.0)':
    dependencies:
      '@opentelemetry/api': 1.9.0
      '@opentelemetry/instrumentation': 0.208.0(@opentelemetry/api@1.9.0)
      '@opentelemetry/semantic-conventions': 1.37.0
    transitivePeerDependencies:
      - supports-color

  '@opentelemetry/instrumentation-koa@0.57.0(@opentelemetry/api@1.9.0)':
    dependencies:
      '@opentelemetry/api': 1.9.0
      '@opentelemetry/core': 2.2.0(@opentelemetry/api@1.9.0)
      '@opentelemetry/instrumentation': 0.208.0(@opentelemetry/api@1.9.0)
      '@opentelemetry/semantic-conventions': 1.37.0
    transitivePeerDependencies:
      - supports-color

  '@opentelemetry/instrumentation-lru-memoizer@0.53.0(@opentelemetry/api@1.9.0)':
    dependencies:
      '@opentelemetry/api': 1.9.0
      '@opentelemetry/instrumentation': 0.208.0(@opentelemetry/api@1.9.0)
    transitivePeerDependencies:
      - supports-color

  '@opentelemetry/instrumentation-mongodb@0.61.0(@opentelemetry/api@1.9.0)':
    dependencies:
      '@opentelemetry/api': 1.9.0
      '@opentelemetry/instrumentation': 0.208.0(@opentelemetry/api@1.9.0)
    transitivePeerDependencies:
      - supports-color

  '@opentelemetry/instrumentation-mongoose@0.55.0(@opentelemetry/api@1.9.0)':
    dependencies:
      '@opentelemetry/api': 1.9.0
      '@opentelemetry/core': 2.2.0(@opentelemetry/api@1.9.0)
      '@opentelemetry/instrumentation': 0.208.0(@opentelemetry/api@1.9.0)
    transitivePeerDependencies:
      - supports-color

  '@opentelemetry/instrumentation-mysql2@0.55.0(@opentelemetry/api@1.9.0)':
    dependencies:
      '@opentelemetry/api': 1.9.0
      '@opentelemetry/instrumentation': 0.208.0(@opentelemetry/api@1.9.0)
      '@opentelemetry/semantic-conventions': 1.37.0
      '@opentelemetry/sql-common': 0.41.2(@opentelemetry/api@1.9.0)
    transitivePeerDependencies:
      - supports-color

  '@opentelemetry/instrumentation-mysql@0.54.0(@opentelemetry/api@1.9.0)':
    dependencies:
      '@opentelemetry/api': 1.9.0
      '@opentelemetry/instrumentation': 0.208.0(@opentelemetry/api@1.9.0)
      '@types/mysql': 2.15.27
    transitivePeerDependencies:
      - supports-color

  '@opentelemetry/instrumentation-pg@0.61.0(@opentelemetry/api@1.9.0)':
    dependencies:
      '@opentelemetry/api': 1.9.0
      '@opentelemetry/core': 2.2.0(@opentelemetry/api@1.9.0)
      '@opentelemetry/instrumentation': 0.208.0(@opentelemetry/api@1.9.0)
      '@opentelemetry/semantic-conventions': 1.37.0
      '@opentelemetry/sql-common': 0.41.2(@opentelemetry/api@1.9.0)
      '@types/pg': 8.15.6
      '@types/pg-pool': 2.0.6
    transitivePeerDependencies:
      - supports-color

  '@opentelemetry/instrumentation-redis@0.57.0(@opentelemetry/api@1.9.0)':
    dependencies:
      '@opentelemetry/api': 1.9.0
      '@opentelemetry/instrumentation': 0.208.0(@opentelemetry/api@1.9.0)
      '@opentelemetry/redis-common': 0.38.2
      '@opentelemetry/semantic-conventions': 1.37.0
    transitivePeerDependencies:
      - supports-color

  '@opentelemetry/instrumentation-tedious@0.27.0(@opentelemetry/api@1.9.0)':
    dependencies:
      '@opentelemetry/api': 1.9.0
      '@opentelemetry/instrumentation': 0.208.0(@opentelemetry/api@1.9.0)
      '@types/tedious': 4.0.14
    transitivePeerDependencies:
      - supports-color

  '@opentelemetry/instrumentation-undici@0.19.0(@opentelemetry/api@1.9.0)':
    dependencies:
      '@opentelemetry/api': 1.9.0
      '@opentelemetry/core': 2.2.0(@opentelemetry/api@1.9.0)
      '@opentelemetry/instrumentation': 0.208.0(@opentelemetry/api@1.9.0)
      '@opentelemetry/semantic-conventions': 1.37.0
    transitivePeerDependencies:
      - supports-color

  '@opentelemetry/instrumentation@0.208.0(@opentelemetry/api@1.9.0)':
    dependencies:
      '@opentelemetry/api': 1.9.0
      '@opentelemetry/api-logs': 0.208.0
      import-in-the-middle: 2.0.1
      require-in-the-middle: 8.0.1
    transitivePeerDependencies:
      - supports-color

  '@opentelemetry/redis-common@0.38.2': {}

  '@opentelemetry/resources@2.2.0(@opentelemetry/api@1.9.0)':
    dependencies:
      '@opentelemetry/api': 1.9.0
      '@opentelemetry/core': 2.2.0(@opentelemetry/api@1.9.0)
      '@opentelemetry/semantic-conventions': 1.37.0

  '@opentelemetry/sdk-trace-base@2.2.0(@opentelemetry/api@1.9.0)':
    dependencies:
      '@opentelemetry/api': 1.9.0
      '@opentelemetry/core': 2.2.0(@opentelemetry/api@1.9.0)
      '@opentelemetry/resources': 2.2.0(@opentelemetry/api@1.9.0)
      '@opentelemetry/semantic-conventions': 1.37.0

  '@opentelemetry/semantic-conventions@1.37.0': {}

  '@opentelemetry/sql-common@0.41.2(@opentelemetry/api@1.9.0)':
    dependencies:
      '@opentelemetry/api': 1.9.0
      '@opentelemetry/core': 2.2.0(@opentelemetry/api@1.9.0)

  '@prisma/instrumentation@6.19.0(@opentelemetry/api@1.9.0)':
    dependencies:
      '@opentelemetry/api': 1.9.0
      '@opentelemetry/instrumentation': 0.208.0(@opentelemetry/api@1.9.0)
    transitivePeerDependencies:
      - supports-color

  '@sentry/core@10.32.1': {}

  '@sentry/node-core@10.32.1(@opentelemetry/api@1.9.0)(@opentelemetry/context-async-hooks@2.2.0(@opentelemetry/api@1.9.0))(@opentelemetry/core@2.2.0(@opentelemetry/api@1.9.0))(@opentelemetry/instrumentation@0.208.0(@opentelemetry/api@1.9.0))(@opentelemetry/resources@2.2.0(@opentelemetry/api@1.9.0))(@opentelemetry/sdk-trace-base@2.2.0(@opentelemetry/api@1.9.0))(@opentelemetry/semantic-conventions@1.37.0)':
    dependencies:
      '@apm-js-collab/tracing-hooks': 0.3.1
      '@opentelemetry/api': 1.9.0
      '@opentelemetry/context-async-hooks': 2.2.0(@opentelemetry/api@1.9.0)
      '@opentelemetry/core': 2.2.0(@opentelemetry/api@1.9.0)
      '@opentelemetry/instrumentation': 0.208.0(@opentelemetry/api@1.9.0)
      '@opentelemetry/resources': 2.2.0(@opentelemetry/api@1.9.0)
      '@opentelemetry/sdk-trace-base': 2.2.0(@opentelemetry/api@1.9.0)
      '@opentelemetry/semantic-conventions': 1.37.0
      '@sentry/core': 10.32.1
      '@sentry/opentelemetry': 10.32.1(@opentelemetry/api@1.9.0)(@opentelemetry/context-async-hooks@2.2.0(@opentelemetry/api@1.9.0))(@opentelemetry/core@2.2.0(@opentelemetry/api@1.9.0))(@opentelemetry/sdk-trace-base@2.2.0(@opentelemetry/api@1.9.0))(@opentelemetry/semantic-conventions@1.37.0)
      import-in-the-middle: 2.0.1
    transitivePeerDependencies:
      - supports-color

  '@sentry/node@10.32.1':
    dependencies:
      '@opentelemetry/api': 1.9.0
      '@opentelemetry/context-async-hooks': 2.2.0(@opentelemetry/api@1.9.0)
      '@opentelemetry/core': 2.2.0(@opentelemetry/api@1.9.0)
      '@opentelemetry/instrumentation': 0.208.0(@opentelemetry/api@1.9.0)
      '@opentelemetry/instrumentation-amqplib': 0.55.0(@opentelemetry/api@1.9.0)
      '@opentelemetry/instrumentation-connect': 0.52.0(@opentelemetry/api@1.9.0)
      '@opentelemetry/instrumentation-dataloader': 0.26.0(@opentelemetry/api@1.9.0)
      '@opentelemetry/instrumentation-express': 0.57.0(@opentelemetry/api@1.9.0)
      '@opentelemetry/instrumentation-fs': 0.28.0(@opentelemetry/api@1.9.0)
      '@opentelemetry/instrumentation-generic-pool': 0.52.0(@opentelemetry/api@1.9.0)
      '@opentelemetry/instrumentation-graphql': 0.56.0(@opentelemetry/api@1.9.0)
      '@opentelemetry/instrumentation-hapi': 0.55.0(@opentelemetry/api@1.9.0)
      '@opentelemetry/instrumentation-http': 0.208.0(@opentelemetry/api@1.9.0)
      '@opentelemetry/instrumentation-ioredis': 0.56.0(@opentelemetry/api@1.9.0)
      '@opentelemetry/instrumentation-kafkajs': 0.18.0(@opentelemetry/api@1.9.0)
      '@opentelemetry/instrumentation-knex': 0.53.0(@opentelemetry/api@1.9.0)
      '@opentelemetry/instrumentation-koa': 0.57.0(@opentelemetry/api@1.9.0)
      '@opentelemetry/instrumentation-lru-memoizer': 0.53.0(@opentelemetry/api@1.9.0)
      '@opentelemetry/instrumentation-mongodb': 0.61.0(@opentelemetry/api@1.9.0)
      '@opentelemetry/instrumentation-mongoose': 0.55.0(@opentelemetry/api@1.9.0)
      '@opentelemetry/instrumentation-mysql': 0.54.0(@opentelemetry/api@1.9.0)
      '@opentelemetry/instrumentation-mysql2': 0.55.0(@opentelemetry/api@1.9.0)
      '@opentelemetry/instrumentation-pg': 0.61.0(@opentelemetry/api@1.9.0)
      '@opentelemetry/instrumentation-redis': 0.57.0(@opentelemetry/api@1.9.0)
      '@opentelemetry/instrumentation-tedious': 0.27.0(@opentelemetry/api@1.9.0)
      '@opentelemetry/instrumentation-undici': 0.19.0(@opentelemetry/api@1.9.0)
      '@opentelemetry/resources': 2.2.0(@opentelemetry/api@1.9.0)
      '@opentelemetry/sdk-trace-base': 2.2.0(@opentelemetry/api@1.9.0)
      '@opentelemetry/semantic-conventions': 1.37.0
      '@prisma/instrumentation': 6.19.0(@opentelemetry/api@1.9.0)
      '@sentry/core': 10.32.1
      '@sentry/node-core': 10.32.1(@opentelemetry/api@1.9.0)(@opentelemetry/context-async-hooks@2.2.0(@opentelemetry/api@1.9.0))(@opentelemetry/core@2.2.0(@opentelemetry/api@1.9.0))(@opentelemetry/instrumentation@0.208.0(@opentelemetry/api@1.9.0))(@opentelemetry/resources@2.2.0(@opentelemetry/api@1.9.0))(@opentelemetry/sdk-trace-base@2.2.0(@opentelemetry/api@1.9.0))(@opentelemetry/semantic-conventions@1.37.0)
      '@sentry/opentelemetry': 10.32.1(@opentelemetry/api@1.9.0)(@opentelemetry/context-async-hooks@2.2.0(@opentelemetry/api@1.9.0))(@opentelemetry/core@2.2.0(@opentelemetry/api@1.9.0))(@opentelemetry/sdk-trace-base@2.2.0(@opentelemetry/api@1.9.0))(@opentelemetry/semantic-conventions@1.37.0)
      import-in-the-middle: 2.0.1
      minimatch: 9.0.5
    transitivePeerDependencies:
      - supports-color

  '@sentry/opentelemetry@10.32.1(@opentelemetry/api@1.9.0)(@opentelemetry/context-async-hooks@2.2.0(@opentelemetry/api@1.9.0))(@opentelemetry/core@2.2.0(@opentelemetry/api@1.9.0))(@opentelemetry/sdk-trace-base@2.2.0(@opentelemetry/api@1.9.0))(@opentelemetry/semantic-conventions@1.37.0)':
    dependencies:
      '@opentelemetry/api': 1.9.0
      '@opentelemetry/context-async-hooks': 2.2.0(@opentelemetry/api@1.9.0)
      '@opentelemetry/core': 2.2.0(@opentelemetry/api@1.9.0)
      '@opentelemetry/sdk-trace-base': 2.2.0(@opentelemetry/api@1.9.0)
      '@opentelemetry/semantic-conventions': 1.37.0
      '@sentry/core': 10.32.1

  '@tsconfig/node10@1.0.12': {}

  '@tsconfig/node12@1.0.11': {}

  '@tsconfig/node14@1.0.3': {}

  '@tsconfig/node16@1.0.4': {}

  '@types/connect@3.4.38':
    dependencies:
      '@types/node': 22.18.13

  '@types/mysql@2.15.27':
    dependencies:
      '@types/node': 22.18.13

  '@types/node@22.18.13':
    dependencies:
      undici-types: 6.21.0

  '@types/pg-pool@2.0.6':
    dependencies:
      '@types/pg': 8.15.6

  '@types/pg@8.15.6':
    dependencies:
      '@types/node': 22.18.13
      pg-protocol: 1.10.3
      pg-types: 2.2.0

  '@types/tedious@4.0.14':
    dependencies:
      '@types/node': 22.18.13

  acorn-import-attributes@1.9.5(acorn@8.15.0):
    dependencies:
      acorn: 8.15.0

  acorn-walk@8.3.4:
    dependencies:
      acorn: 8.15.0

  acorn@8.15.0: {}

  ansi-styles@4.3.0:
    dependencies:
      color-convert: 2.0.1

  arg@4.1.3: {}

  balanced-match@1.0.2: {}

  brace-expansion@2.0.2:
    dependencies:
      balanced-match: 1.0.2

  chalk@4.1.2:
    dependencies:
      ansi-styles: 4.3.0
      supports-color: 7.2.0

  cjs-module-lexer@1.4.3: {}

  color-convert@2.0.1:
    dependencies:
      color-name: 1.1.4

  color-name@1.1.4: {}

  create-require@1.1.1: {}

  debug@4.4.3:
    dependencies:
      ms: 2.1.3

  diff@4.0.2: {}

  forwarded-parse@2.1.2: {}

  has-flag@4.0.0: {}

  import-in-the-middle@2.0.1:
    dependencies:
      acorn: 8.15.0
      acorn-import-attributes: 1.9.5(acorn@8.15.0)
      cjs-module-lexer: 1.4.3
      module-details-from-path: 1.0.4

  make-error@1.3.6: {}

  minimatch@9.0.5:
    dependencies:
      brace-expansion: 2.0.2

  module-details-from-path@1.0.4: {}

  ms@2.1.3: {}

  pg-int8@1.0.1: {}

  pg-protocol@1.10.3: {}

  pg-types@2.2.0:
    dependencies:
      pg-int8: 1.0.1
      postgres-array: 2.0.0
      postgres-bytea: 1.0.0
      postgres-date: 1.0.7
      postgres-interval: 1.2.0

  postgres-array@2.0.0: {}

  postgres-bytea@1.0.0: {}

  postgres-date@1.0.7: {}

  postgres-interval@1.2.0:
    dependencies:
      xtend: 4.0.2

  require-in-the-middle@8.0.1:
    dependencies:
      debug: 4.4.3
      module-details-from-path: 1.0.4
    transitivePeerDependencies:
      - supports-color

  supports-color@7.2.0:
    dependencies:
      has-flag: 4.0.0

  ts-node@10.9.2(@types/node@22.18.13)(typescript@5.9.3):
    dependencies:
      '@cspotcode/source-map-support': 0.8.1
      '@tsconfig/node10': 1.0.12
      '@tsconfig/node12': 1.0.11
      '@tsconfig/node14': 1.0.3
      '@tsconfig/node16': 1.0.4
      '@types/node': 22.18.13
      acorn: 8.15.0
      acorn-walk: 8.3.4
      arg: 4.1.3
      create-require: 1.1.1
      diff: 4.0.2
      make-error: 1.3.6
      typescript: 5.9.3
      v8-compile-cache-lib: 3.0.1
      yn: 3.1.1

  typescript@5.9.3: {}

  undici-types@6.21.0: {}

  v8-compile-cache-lib@3.0.1: {}

  xtend@4.0.2: {}

  yn@3.1.1: {}
